
Microsoft Visual Studio Solution File, Format Version 12.00
# Visual Studio Version 17
VisualStudioVersion = 17.2.32630.192
MinimumVisualStudioVersion = 10.0.40219.1
Project("{9A19103F-16F7-4668-BE54-9A1E7A4F7556}") = "Mailroom API", "Mailroom API\Mailroom API.csproj", "{022FCA22-C469-4087-94B1-8C2AD219A27A}"
EndProject
Project("{FAE04EC0-301F-11D3-BF4B-00C04F79EFBC}") = "Mailroom App", "Mailroom App\Mailroom App.csproj", "{702B7250-707B-47B1-A264-D7563000F7D7}"
EndProject
Global
	GlobalSection(SolutionConfigurationPlatforms) = preSolution
		Debug|Any CPU = Debug|Any CPU
		Release|Any CPU = Release|Any CPU
	EndGlobalSection
	GlobalSection(ProjectConfigurationPlatforms) = postSolution
		{022FCA22-C469-4087-94B1-8C2AD219A27A}.Debug|Any CPU.ActiveCfg = Debug|Any CPU
		{022FCA22-C469-4087-94B1-8C2AD219A27A}.Debug|Any CPU.Build.0 = Debug|Any CPU
		{022FCA22-C469-4087-94B1-8C2AD219A27A}.Release|Any CPU.ActiveCfg = Release|Any CPU
		{022FCA22-C469-4087-94B1-8C2AD219A27A}.Release|Any CPU.Build.0 = Release|Any CPU
		{702B7250-707B-47B1-A264-D7563000F7D7}.Debug|Any CPU.ActiveCfg = Debug|Any CPU
		{702B7250-707B-47B1-A264-D7563000F7D7}.Debug|Any CPU.Build.0 = Debug|Any CPU
		{702B7250-707B-47B1-A264-D7563000F7D7}.Release|Any CPU.ActiveCfg = Release|Any CPU
		{702B7250-707B-47B1-A264-D7563000F7D7}.Release|Any CPU.Build.0 = Release|Any CPU
	EndGlobalSection
	GlobalSection(SolutionProperties) = preSolution
		HideSolutionNode = FALSE
	EndGlobalSection
	GlobalSection(ExtensibilityGlobals) = postSolution
		SolutionGuid = {5534B337-FADD-4507-AFF3-CB5359D2781D}
	EndGlobalSection
EndGlobal
